
Microsoft Visual Studio Solution File, Format Version 12.00
# Visual Studio Version 17
VisualStudioVersion = 17.4.33213.308
MinimumVisualStudioVersion = 10.0.40219.1
Project("{FAE04EC0-301F-11D3-BF4B-00C04F79EFBC}") = "Notes.Identity", "Notes.Identity\Notes.Identity.csproj", "{EF1BB4C5-1286-43C7-B9A2-0931DE2D94B8}"
EndProject
Global
	GlobalSection(SolutionConfigurationPlatforms) = preSolution
		Debug|Any CPU = Debug|Any CPU
		Release|Any CPU = Release|Any CPU
	EndGlobalSection
	GlobalSection(ProjectConfigurationPlatforms) = postSolution
		{EF1BB4C5-1286-43C7-B9A2-0931DE2D94B8}.Debug|Any CPU.ActiveCfg = Debug|Any CPU
		{EF1BB4C5-1286-43C7-B9A2-0931DE2D94B8}.Debug|Any CPU.Build.0 = Debug|Any CPU
		{EF1BB4C5-1286-43C7-B9A2-0931DE2D94B8}.Release|Any CPU.ActiveCfg = Release|Any CPU
		{EF1BB4C5-1286-43C7-B9A2-0931DE2D94B8}.Release|Any CPU.Build.0 = Release|Any CPU
	EndGlobalSection
	GlobalSection(SolutionProperties) = preSolution
		HideSolutionNode = FALSE
	EndGlobalSection
	GlobalSection(ExtensibilityGlobals) = postSolution
		SolutionGuid = {6EDBBCCB-B3EB-49C0-B6DF-A561CB762442}
	EndGlobalSection
EndGlobal
